
Microsoft Visual Studio Solution File, Format Version 11.00
# Visual Studio 2010
Project("{2150E333-8FDC-42A3-9474-1A3956D46DE8}") = "TurtleSamples", "TurtleSamples", "{DE9F5882-A026-4E6B-8BE4-8468953FB4EA}"
EndProject
Project("{2150E333-8FDC-42A3-9474-1A3956D46DE8}") = "OtherSamples", "OtherSamples", "{CA0620BF-EA94-467B-AF70-2F4EF2096BB9}"
EndProject
Project("{FAE04EC0-301F-11D3-BF4B-00C04F79EFBC}") = "ArbFeatures", "TurtleSamples\ArbFeatures\ArbFeatures.csproj", "{0D1D420E-CA63-4650-B8C6-367B5C157430}"
EndProject
Project("{FAE04EC0-301F-11D3-BF4B-00C04F79EFBC}") = "BarChart", "TurtleSamples\BarChart\BarChart.csproj", "{546777BD-73B7-4EA2-B598-DC248A84FBB9}"
EndProject
Project("{FAE04EC0-301F-11D3-BF4B-00C04F79EFBC}") = "Snakes", "TurtleSamples\Snakes\Snakes.csproj", "{2B3E6CE3-47BE-43F1-8B49-8A3A71AA12DF}"
EndProject
Project("{FAE04EC0-301F-11D3-BF4B-00C04F79EFBC}") = "ThinkLib", "ThinkLib\ThinkLib.csproj", "{6C1DE767-DD3F-403D-AC11-00D3ACE98E44}"
EndProject
Project("{2150E333-8FDC-42A3-9474-1A3956D46DE8}") = "TextBookFragments", "TextBookFragments", "{53F54CA5-3E1D-4F28-A6A2-74A63EF3B487}"
EndProject
Project("{FAE04EC0-301F-11D3-BF4B-00C04F79EFBC}") = "Part1", "TextBookFragments\Part1\Part1.csproj", "{87908F9A-46F1-4AC6-A38D-C9CE501E4903}"
EndProject
Project("{FAE04EC0-301F-11D3-BF4B-00C04F79EFBC}") = "CompoundInterest", "CompoundInterest\CompoundInterest.csproj", "{2ACF8ABE-6A4A-410E-99ED-A54822633456}"
EndProject
Project("{FAE04EC0-301F-11D3-BF4B-00C04F79EFBC}") = "UnitTestSamples", "TextBookFragments\UnitTestSamples\UnitTestSamples.csproj", "{F53A0BAF-F3EE-4829-BF95-C7C3E8400A13}"
EndProject
Project("{FAE04EC0-301F-11D3-BF4B-00C04F79EFBC}") = "Iteration_Chapter", "TextBookFragments\Iteration_Chapter\Iteration_Chapter.csproj", "{5979F10C-756A-4C68-8AA4-D7A57C89E029}"
EndProject
Project("{FAE04EC0-301F-11D3-BF4B-00C04F79EFBC}") = "Events_Chapter", "Events_Chapter\Events_Chapter.csproj", "{E55F47AC-0621-4B19-A681-46AF26B739E1}"
EndProject
Project("{FAE04EC0-301F-11D3-BF4B-00C04F79EFBC}") = "TrafficLights", "TextBookFragments\TrafficLights\TrafficLights.csproj", "{88A115F2-7BBA-4622-941A-78F3E27B0BCA}"
EndProject
Project("{FAE04EC0-301F-11D3-BF4B-00C04F79EFBC}") = "RacingTurtle", "TurtleSamples\RacingTurtle\RacingTurtle.csproj", "{B8092D88-7774-44F5-BB6E-E1B4F2197ADE}"
EndProject
Project("{FAE04EC0-301F-11D3-BF4B-00C04F79EFBC}") = "AdvancedFeatures", "AdvancedFeatures\AdvancedFeatures.csproj", "{FCC7075C-DD36-443A-B087-D4610C0D60D7}"
EndProject
Project("{FAE04EC0-301F-11D3-BF4B-00C04F79EFBC}") = "Window_design_chapter", "TextBookFragments\Window_design_chapter\Window_design_chapter.csproj", "{A7F89E0C-BD9A-43F4-81A1-DFCBC8CEA596}"
EndProject
Project("{FAE04EC0-301F-11D3-BF4B-00C04F79EFBC}") = "Arrays", "Arrays\Arrays.csproj", "{4752B509-0423-4D0B-982C-858FAC2E1692}"
EndProject
Project("{FAE04EC0-301F-11D3-BF4B-00C04F79EFBC}") = "AreaApp", "TextBookFragments\AreaApp\AreaApp.csproj", "{C4C47CF5-DF87-4D67-80A9-61B4D7106F59}"
EndProject
Project("{FAE04EC0-301F-11D3-BF4B-00C04F79EFBC}") = "ColorMixer", "TextBookFragments\ColorMixer\ColorMixer.csproj", "{BE46D5F4-3C43-4109-B101-297631682B79}"
EndProject
Project("{FAE04EC0-301F-11D3-BF4B-00C04F79EFBC}") = "Debugging1", "TurtleSamples\Debugging1\Debugging1.csproj", "{BFD4D2F7-7D68-4D40-A153-DE3A15153BA8}"
EndProject
Project("{FAE04EC0-301F-11D3-BF4B-00C04F79EFBC}") = "RefreshSpike", "TurtleSamples\RefreshSpike\RefreshSpike.csproj", "{83AE7616-2186-4705-A9BD-582F10CF976E}"
EndProject
Project("{FAE04EC0-301F-11D3-BF4B-00C04F79EFBC}") = "DirectoryLister", "TextBookFragments\DirectoryLister\DirectoryLister.csproj", "{5F0B2F6F-DA9C-4946-8C27-FA007F68E098}"
EndProject
Project("{FAE04EC0-301F-11D3-BF4B-00C04F79EFBC}") = "FractalTree", "TurtleSamples\FractalTree\FractalTree.csproj", "{CEEBAE9E-1664-4258-873F-3EFA7CB595DA}"
EndProject
Project("{FAE04EC0-301F-11D3-BF4B-00C04F79EFBC}") = "FibAndFact", "TextBookFragments\FibAndFact\FibAndFact.csproj", "{65F4AE1B-2E5D-4933-971A-14B90E8E437A}"
EndProject
Project("{FAE04EC0-301F-11D3-BF4B-00C04F79EFBC}") = "FreeFlow", "OtherSamples\FreeFlow\FreeFlow.csproj", "{FD902BB2-65D7-42AB-9D34-05617FB74B70}"
EndProject
Project("{FAE04EC0-301F-11D3-BF4B-00C04F79EFBC}") = "Fragments", "Fragments\Fragments.csproj", "{E5986759-67C2-43BE-A566-B672D64246BE}"
EndProject
Project("{FAE04EC0-301F-11D3-BF4B-00C04F79EFBC}") = "BouncingFootprints", "TurtleSamples\BouncingFootprintsGUI\BouncingFootprints.csproj", "{B1D21152-3F82-47A3-A2BA-3FCE4CA66B89}"
EndProject
Project("{FAE04EC0-301F-11D3-BF4B-00C04F79EFBC}") = "TwoPlayerGames", "TextBookFragments\TwoPlayerGames\TwoPlayerGames.csproj", "{99538F9F-F3F4-4FBF-B4C1-102192656BD8}"
EndProject
Project("{FAE04EC0-301F-11D3-BF4B-00C04F79EFBC}") = "Adventure", "TextBookFragments\Adventure\Adventure.csproj", "{14786A0A-1438-491A-83C0-EA4E7C356DB3}"
EndProject
Project("{FAE04EC0-301F-11D3-BF4B-00C04F79EFBC}") = "SMSMessageExercise", "TextBookFragments\SMSMessageExercise\SMSMessageExercise.csproj", "{CDE0FE4C-4C8C-4F9B-976F-F99A7C65A5AC}"
EndProject
Project("{FAE04EC0-301F-11D3-BF4B-00C04F79EFBC}") = "Brush_demo", "TurtleSamples\Brush_demo\Brush_demo.csproj", "{1A56AC43-E545-4BA5-9E84-92B82CB7D504}"
EndProject
Project("{2150E333-8FDC-42A3-9474-1A3956D46DE8}") = "Tools", "Tools", "{8E1CF384-472D-4AF3-8C1E-258EC73ACA1A}"
EndProject
Project("{FAE04EC0-301F-11D3-BF4B-00C04F79EFBC}") = "GlossaryBuilder", "Tools\GlossaryBuilder\GlossaryBuilder.csproj", "{56AA1C77-2FDD-4914-898E-2B200B5DF6DE}"
EndProject
Project("{FAE04EC0-301F-11D3-BF4B-00C04F79EFBC}") = "ClockFace", "TurtleSamples\ClockFace\ClockFace.csproj", "{CF37BD86-5563-4904-9DDE-E593F4010886}"
EndProject
Global
	GlobalSection(SolutionConfigurationPlatforms) = preSolution
		Debug|Any CPU = Debug|Any CPU
		Debug|Mixed Platforms = Debug|Mixed Platforms
		Debug|x86 = Debug|x86
		Release|Any CPU = Release|Any CPU
		Release|Mixed Platforms = Release|Mixed Platforms
		Release|x86 = Release|x86
	EndGlobalSection
	GlobalSection(ProjectConfigurationPlatforms) = postSolution
		{0D1D420E-CA63-4650-B8C6-367B5C157430}.Debug|Any CPU.ActiveCfg = Debug|x86
		{0D1D420E-CA63-4650-B8C6-367B5C157430}.Debug|Mixed Platforms.ActiveCfg = Debug|x86
		{0D1D420E-CA63-4650-B8C6-367B5C157430}.Debug|Mixed Platforms.Build.0 = Debug|x86
		{0D1D420E-CA63-4650-B8C6-367B5C157430}.Debug|x86.ActiveCfg = Debug|x86
		{0D1D420E-CA63-4650-B8C6-367B5C157430}.Debug|x86.Build.0 = Debug|x86
		{0D1D420E-CA63-4650-B8C6-367B5C157430}.Release|Any CPU.ActiveCfg = Release|x86
		{0D1D420E-CA63-4650-B8C6-367B5C157430}.Release|Mixed Platforms.ActiveCfg = Release|x86
		{0D1D420E-CA63-4650-B8C6-367B5C157430}.Release|Mixed Platforms.Build.0 = Release|x86
		{0D1D420E-CA63-4650-B8C6-367B5C157430}.Release|x86.ActiveCfg = Release|x86
		{0D1D420E-CA63-4650-B8C6-367B5C157430}.Release|x86.Build.0 = Release|x86
		{546777BD-73B7-4EA2-B598-DC248A84FBB9}.Debug|Any CPU.ActiveCfg = Debug|x86
		{546777BD-73B7-4EA2-B598-DC248A84FBB9}.Debug|Mixed Platforms.ActiveCfg = Debug|x86
		{546777BD-73B7-4EA2-B598-DC248A84FBB9}.Debug|Mixed Platforms.Build.0 = Debug|x86
		{546777BD-73B7-4EA2-B598-DC248A84FBB9}.Debug|x86.ActiveCfg = Debug|x86
		{546777BD-73B7-4EA2-B598-DC248A84FBB9}.Debug|x86.Build.0 = Debug|x86
		{546777BD-73B7-4EA2-B598-DC248A84FBB9}.Release|Any CPU.ActiveCfg = Release|x86
		{546777BD-73B7-4EA2-B598-DC248A84FBB9}.Release|Mixed Platforms.ActiveCfg = Release|x86
		{546777BD-73B7-4EA2-B598-DC248A84FBB9}.Release|Mixed Platforms.Build.0 = Release|x86
		{546777BD-73B7-4EA2-B598-DC248A84FBB9}.Release|x86.ActiveCfg = Release|x86
		{546777BD-73B7-4EA2-B598-DC248A84FBB9}.Release|x86.Build.0 = Release|x86
		{2B3E6CE3-47BE-43F1-8B49-8A3A71AA12DF}.Debug|Any CPU.ActiveCfg = Debug|x86
		{2B3E6CE3-47BE-43F1-8B49-8A3A71AA12DF}.Debug|Mixed Platforms.ActiveCfg = Debug|x86
		{2B3E6CE3-47BE-43F1-8B49-8A3A71AA12DF}.Debug|Mixed Platforms.Build.0 = Debug|x86
		{2B3E6CE3-47BE-43F1-8B49-8A3A71AA12DF}.Debug|x86.ActiveCfg = Debug|x86
		{2B3E6CE3-47BE-43F1-8B49-8A3A71AA12DF}.Debug|x86.Build.0 = Debug|x86
		{2B3E6CE3-47BE-43F1-8B49-8A3A71AA12DF}.Release|Any CPU.ActiveCfg = Release|x86
		{2B3E6CE3-47BE-43F1-8B49-8A3A71AA12DF}.Release|Mixed Platforms.ActiveCfg = Release|x86
		{2B3E6CE3-47BE-43F1-8B49-8A3A71AA12DF}.Release|Mixed Platforms.Build.0 = Release|x86
		{2B3E6CE3-47BE-43F1-8B49-8A3A71AA12DF}.Release|x86.ActiveCfg = Release|x86
		{2B3E6CE3-47BE-43F1-8B49-8A3A71AA12DF}.Release|x86.Build.0 = Release|x86
		{6C1DE767-DD3F-403D-AC11-00D3ACE98E44}.Debug|Any CPU.ActiveCfg = Debug|Any CPU
		{6C1DE767-DD3F-403D-AC11-00D3ACE98E44}.Debug|Any CPU.Build.0 = Debug|Any CPU
		{6C1DE767-DD3F-403D-AC11-00D3ACE98E44}.Debug|Mixed Platforms.ActiveCfg = Debug|Any CPU
		{6C1DE767-DD3F-403D-AC11-00D3ACE98E44}.Debug|Mixed Platforms.Build.0 = Debug|Any CPU
		{6C1DE767-DD3F-403D-AC11-00D3ACE98E44}.Debug|x86.ActiveCfg = Debug|Any CPU
		{6C1DE767-DD3F-403D-AC11-00D3ACE98E44}.Release|Any CPU.ActiveCfg = Release|Any CPU
		{6C1DE767-DD3F-403D-AC11-00D3ACE98E44}.Release|Any CPU.Build.0 = Release|Any CPU
		{6C1DE767-DD3F-403D-AC11-00D3ACE98E44}.Release|Mixed Platforms.ActiveCfg = Release|Any CPU
		{6C1DE767-DD3F-403D-AC11-00D3ACE98E44}.Release|Mixed Platforms.Build.0 = Release|Any CPU
		{6C1DE767-DD3F-403D-AC11-00D3ACE98E44}.Release|x86.ActiveCfg = Release|Any CPU
		{87908F9A-46F1-4AC6-A38D-C9CE501E4903}.Debug|Any CPU.ActiveCfg = Debug|x86
		{87908F9A-46F1-4AC6-A38D-C9CE501E4903}.Debug|Mixed Platforms.ActiveCfg = Debug|x86
		{87908F9A-46F1-4AC6-A38D-C9CE501E4903}.Debug|Mixed Platforms.Build.0 = Debug|x86
		{87908F9A-46F1-4AC6-A38D-C9CE501E4903}.Debug|x86.ActiveCfg = Debug|x86
		{87908F9A-46F1-4AC6-A38D-C9CE501E4903}.Debug|x86.Build.0 = Debug|x86
		{87908F9A-46F1-4AC6-A38D-C9CE501E4903}.Release|Any CPU.ActiveCfg = Release|x86
		{87908F9A-46F1-4AC6-A38D-C9CE501E4903}.Release|Mixed Platforms.ActiveCfg = Release|x86
		{87908F9A-46F1-4AC6-A38D-C9CE501E4903}.Release|Mixed Platforms.Build.0 = Release|x86
		{87908F9A-46F1-4AC6-A38D-C9CE501E4903}.Release|x86.ActiveCfg = Release|x86
		{87908F9A-46F1-4AC6-A38D-C9CE501E4903}.Release|x86.Build.0 = Release|x86
		{2ACF8ABE-6A4A-410E-99ED-A54822633456}.Debug|Any CPU.ActiveCfg = Debug|x86
		{2ACF8ABE-6A4A-410E-99ED-A54822633456}.Debug|Mixed Platforms.ActiveCfg = Debug|x86
		{2ACF8ABE-6A4A-410E-99ED-A54822633456}.Debug|Mixed Platforms.Build.0 = Debug|x86
		{2ACF8ABE-6A4A-410E-99ED-A54822633456}.Debug|x86.ActiveCfg = Debug|x86
		{2ACF8ABE-6A4A-410E-99ED-A54822633456}.Debug|x86.Build.0 = Debug|x86
		{2ACF8ABE-6A4A-410E-99ED-A54822633456}.Release|Any CPU.ActiveCfg = Release|x86
		{2ACF8ABE-6A4A-410E-99ED-A54822633456}.Release|Mixed Platforms.ActiveCfg = Release|x86
		{2ACF8ABE-6A4A-410E-99ED-A54822633456}.Release|Mixed Platforms.Build.0 = Release|x86
		{2ACF8ABE-6A4A-410E-99ED-A54822633456}.Release|x86.ActiveCfg = Release|x86
		{2ACF8ABE-6A4A-410E-99ED-A54822633456}.Release|x86.Build.0 = Release|x86
		{F53A0BAF-F3EE-4829-BF95-C7C3E8400A13}.Debug|Any CPU.ActiveCfg = Debug|x86
		{F53A0BAF-F3EE-4829-BF95-C7C3E8400A13}.Debug|Mixed Platforms.ActiveCfg = Debug|x86
		{F53A0BAF-F3EE-4829-BF95-C7C3E8400A13}.Debug|Mixed Platforms.Build.0 = Debug|x86
		{F53A0BAF-F3EE-4829-BF95-C7C3E8400A13}.Debug|x86.ActiveCfg = Debug|x86
		{F53A0BAF-F3EE-4829-BF95-C7C3E8400A13}.Debug|x86.Build.0 = Debug|x86
		{F53A0BAF-F3EE-4829-BF95-C7C3E8400A13}.Release|Any CPU.ActiveCfg = Release|x86
		{F53A0BAF-F3EE-4829-BF95-C7C3E8400A13}.Release|Mixed Platforms.ActiveCfg = Release|x86
		{F53A0BAF-F3EE-4829-BF95-C7C3E8400A13}.Release|Mixed Platforms.Build.0 = Release|x86
		{F53A0BAF-F3EE-4829-BF95-C7C3E8400A13}.Release|x86.ActiveCfg = Release|x86
		{F53A0BAF-F3EE-4829-BF95-C7C3E8400A13}.Release|x86.Build.0 = Release|x86
		{5979F10C-756A-4C68-8AA4-D7A57C89E029}.Debug|Any CPU.ActiveCfg = Debug|x86
		{5979F10C-756A-4C68-8AA4-D7A57C89E029}.Debug|Mixed Platforms.ActiveCfg = Debug|x86
		{5979F10C-756A-4C68-8AA4-D7A57C89E029}.Debug|Mixed Platforms.Build.0 = Debug|x86
		{5979F10C-756A-4C68-8AA4-D7A57C89E029}.Debug|x86.ActiveCfg = Debug|x86
		{5979F10C-756A-4C68-8AA4-D7A57C89E029}.Debug|x86.Build.0 = Debug|x86
		{5979F10C-756A-4C68-8AA4-D7A57C89E029}.Release|Any CPU.ActiveCfg = Release|x86
		{5979F10C-756A-4C68-8AA4-D7A57C89E029}.Release|Mixed Platforms.ActiveCfg = Release|x86
		{5979F10C-756A-4C68-8AA4-D7A57C89E029}.Release|Mixed Platforms.Build.0 = Release|x86
		{5979F10C-756A-4C68-8AA4-D7A57C89E029}.Release|x86.ActiveCfg = Release|x86
		{5979F10C-756A-4C68-8AA4-D7A57C89E029}.Release|x86.Build.0 = Release|x86
		{E55F47AC-0621-4B19-A681-46AF26B739E1}.Debug|Any CPU.ActiveCfg = Debug|x86
		{E55F47AC-0621-4B19-A681-46AF26B739E1}.Debug|Mixed Platforms.ActiveCfg = Debug|x86
		{E55F47AC-0621-4B19-A681-46AF26B739E1}.Debug|Mixed Platforms.Build.0 = Debug|x86
		{E55F47AC-0621-4B19-A681-46AF26B739E1}.Debug|x86.ActiveCfg = Debug|x86
		{E55F47AC-0621-4B19-A681-46AF26B739E1}.Debug|x86.Build.0 = Debug|x86
		{E55F47AC-0621-4B19-A681-46AF26B739E1}.Release|Any CPU.ActiveCfg = Release|x86
		{E55F47AC-0621-4B19-A681-46AF26B739E1}.Release|Mixed Platforms.ActiveCfg = Release|x86
		{E55F47AC-0621-4B19-A681-46AF26B739E1}.Release|Mixed Platforms.Build.0 = Release|x86
		{E55F47AC-0621-4B19-A681-46AF26B739E1}.Release|x86.ActiveCfg = Release|x86
		{E55F47AC-0621-4B19-A681-46AF26B739E1}.Release|x86.Build.0 = Release|x86
		{88A115F2-7BBA-4622-941A-78F3E27B0BCA}.Debug|Any CPU.ActiveCfg = Debug|x86
		{88A115F2-7BBA-4622-941A-78F3E27B0BCA}.Debug|Mixed Platforms.ActiveCfg = Debug|x86
		{88A115F2-7BBA-4622-941A-78F3E27B0BCA}.Debug|Mixed Platforms.Build.0 = Debug|x86
		{88A115F2-7BBA-4622-941A-78F3E27B0BCA}.Debug|x86.ActiveCfg = Debug|x86
		{88A115F2-7BBA-4622-941A-78F3E27B0BCA}.Debug|x86.Build.0 = Debug|x86
		{88A115F2-7BBA-4622-941A-78F3E27B0BCA}.Release|Any CPU.ActiveCfg = Release|x86
		{88A115F2-7BBA-4622-941A-78F3E27B0BCA}.Release|Mixed Platforms.ActiveCfg = Release|x86
		{88A115F2-7BBA-4622-941A-78F3E27B0BCA}.Release|Mixed Platforms.Build.0 = Release|x86
		{88A115F2-7BBA-4622-941A-78F3E27B0BCA}.Release|x86.ActiveCfg = Release|x86
		{88A115F2-7BBA-4622-941A-78F3E27B0BCA}.Release|x86.Build.0 = Release|x86
		{B8092D88-7774-44F5-BB6E-E1B4F2197ADE}.Debug|Any CPU.ActiveCfg = Debug|x86
		{B8092D88-7774-44F5-BB6E-E1B4F2197ADE}.Debug|Mixed Platforms.ActiveCfg = Debug|x86
		{B8092D88-7774-44F5-BB6E-E1B4F2197ADE}.Debug|Mixed Platforms.Build.0 = Debug|x86
		{B8092D88-7774-44F5-BB6E-E1B4F2197ADE}.Debug|x86.ActiveCfg = Debug|x86
		{B8092D88-7774-44F5-BB6E-E1B4F2197ADE}.Debug|x86.Build.0 = Debug|x86
		{B8092D88-7774-44F5-BB6E-E1B4F2197ADE}.Release|Any CPU.ActiveCfg = Release|x86
		{B8092D88-7774-44F5-BB6E-E1B4F2197ADE}.Release|Mixed Platforms.ActiveCfg = Release|x86
		{B8092D88-7774-44F5-BB6E-E1B4F2197ADE}.Release|Mixed Platforms.Build.0 = Release|x86
		{B8092D88-7774-44F5-BB6E-E1B4F2197ADE}.Release|x86.ActiveCfg = Release|x86
		{B8092D88-7774-44F5-BB6E-E1B4F2197ADE}.Release|x86.Build.0 = Release|x86
		{FCC7075C-DD36-443A-B087-D4610C0D60D7}.Debug|Any CPU.ActiveCfg = Debug|x86
		{FCC7075C-DD36-443A-B087-D4610C0D60D7}.Debug|Mixed Platforms.ActiveCfg = Debug|x86
		{FCC7075C-DD36-443A-B087-D4610C0D60D7}.Debug|Mixed Platforms.Build.0 = Debug|x86
		{FCC7075C-DD36-443A-B087-D4610C0D60D7}.Debug|x86.ActiveCfg = Debug|x86
		{FCC7075C-DD36-443A-B087-D4610C0D60D7}.Debug|x86.Build.0 = Debug|x86
		{FCC7075C-DD36-443A-B087-D4610C0D60D7}.Release|Any CPU.ActiveCfg = Release|x86
		{FCC7075C-DD36-443A-B087-D4610C0D60D7}.Release|Mixed Platforms.ActiveCfg = Release|x86
		{FCC7075C-DD36-443A-B087-D4610C0D60D7}.Release|Mixed Platforms.Build.0 = Release|x86
		{FCC7075C-DD36-443A-B087-D4610C0D60D7}.Release|x86.ActiveCfg = Release|x86
		{FCC7075C-DD36-443A-B087-D4610C0D60D7}.Release|x86.Build.0 = Release|x86
		{A7F89E0C-BD9A-43F4-81A1-DFCBC8CEA596}.Debug|Any CPU.ActiveCfg = Debug|x86
		{A7F89E0C-BD9A-43F4-81A1-DFCBC8CEA596}.Debug|Mixed Platforms.ActiveCfg = Debug|x86
		{A7F89E0C-BD9A-43F4-81A1-DFCBC8CEA596}.Debug|Mixed Platforms.Build.0 = Debug|x86
		{A7F89E0C-BD9A-43F4-81A1-DFCBC8CEA596}.Debug|x86.ActiveCfg = Debug|x86
		{A7F89E0C-BD9A-43F4-81A1-DFCBC8CEA596}.Debug|x86.Build.0 = Debug|x86
		{A7F89E0C-BD9A-43F4-81A1-DFCBC8CEA596}.Release|Any CPU.ActiveCfg = Release|x86
		{A7F89E0C-BD9A-43F4-81A1-DFCBC8CEA596}.Release|Mixed Platforms.ActiveCfg = Release|x86
		{A7F89E0C-BD9A-43F4-81A1-DFCBC8CEA596}.Release|Mixed Platforms.Build.0 = Release|x86
		{A7F89E0C-BD9A-43F4-81A1-DFCBC8CEA596}.Release|x86.ActiveCfg = Release|x86
		{A7F89E0C-BD9A-43F4-81A1-DFCBC8CEA596}.Release|x86.Build.0 = Release|x86
		{4752B509-0423-4D0B-982C-858FAC2E1692}.Debug|Any CPU.ActiveCfg = Debug|x86
		{4752B509-0423-4D0B-982C-858FAC2E1692}.Debug|Mixed Platforms.ActiveCfg = Debug|x86
		{4752B509-0423-4D0B-982C-858FAC2E1692}.Debug|Mixed Platforms.Build.0 = Debug|x86
		{4752B509-0423-4D0B-982C-858FAC2E1692}.Debug|x86.ActiveCfg = Debug|x86
		{4752B509-0423-4D0B-982C-858FAC2E1692}.Debug|x86.Build.0 = Debug|x86
		{4752B509-0423-4D0B-982C-858FAC2E1692}.Release|Any CPU.ActiveCfg = Release|x86
		{4752B509-0423-4D0B-982C-858FAC2E1692}.Release|Mixed Platforms.ActiveCfg = Release|x86
		{4752B509-0423-4D0B-982C-858FAC2E1692}.Release|Mixed Platforms.Build.0 = Release|x86
		{4752B509-0423-4D0B-982C-858FAC2E1692}.Release|x86.ActiveCfg = Release|x86
		{4752B509-0423-4D0B-982C-858FAC2E1692}.Release|x86.Build.0 = Release|x86
		{C4C47CF5-DF87-4D67-80A9-61B4D7106F59}.Debug|Any CPU.ActiveCfg = Debug|x86
		{C4C47CF5-DF87-4D67-80A9-61B4D7106F59}.Debug|Mixed Platforms.ActiveCfg = Debug|x86
		{C4C47CF5-DF87-4D67-80A9-61B4D7106F59}.Debug|Mixed Platforms.Build.0 = Debug|x86
		{C4C47CF5-DF87-4D67-80A9-61B4D7106F59}.Debug|x86.ActiveCfg = Debug|x86
		{C4C47CF5-DF87-4D67-80A9-61B4D7106F59}.Debug|x86.Build.0 = Debug|x86
		{C4C47CF5-DF87-4D67-80A9-61B4D7106F59}.Release|Any CPU.ActiveCfg = Release|x86
		{C4C47CF5-DF87-4D67-80A9-61B4D7106F59}.Release|Mixed Platforms.ActiveCfg = Release|x86
		{C4C47CF5-DF87-4D67-80A9-61B4D7106F59}.Release|Mixed Platforms.Build.0 = Release|x86
		{C4C47CF5-DF87-4D67-80A9-61B4D7106F59}.Release|x86.ActiveCfg = Release|x86
		{C4C47CF5-DF87-4D67-80A9-61B4D7106F59}.Release|x86.Build.0 = Release|x86
		{BE46D5F4-3C43-4109-B101-297631682B79}.Debug|Any CPU.ActiveCfg = Debug|x86
		{BE46D5F4-3C43-4109-B101-297631682B79}.Debug|Mixed Platforms.ActiveCfg = Debug|x86
		{BE46D5F4-3C43-4109-B101-297631682B79}.Debug|Mixed Platforms.Build.0 = Debug|x86
		{BE46D5F4-3C43-4109-B101-297631682B79}.Debug|x86.ActiveCfg = Debug|x86
		{BE46D5F4-3C43-4109-B101-297631682B79}.Debug|x86.Build.0 = Debug|x86
		{BE46D5F4-3C43-4109-B101-297631682B79}.Release|Any CPU.ActiveCfg = Release|x86
		{BE46D5F4-3C43-4109-B101-297631682B79}.Release|Mixed Platforms.ActiveCfg = Release|x86
		{BE46D5F4-3C43-4109-B101-297631682B79}.Release|Mixed Platforms.Build.0 = Release|x86
		{BE46D5F4-3C43-4109-B101-297631682B79}.Release|x86.ActiveCfg = Release|x86
		{BE46D5F4-3C43-4109-B101-297631682B79}.Release|x86.Build.0 = Release|x86
		{BFD4D2F7-7D68-4D40-A153-DE3A15153BA8}.Debug|Any CPU.ActiveCfg = Debug|x86
		{BFD4D2F7-7D68-4D40-A153-DE3A15153BA8}.Debug|Mixed Platforms.ActiveCfg = Debug|x86
		{BFD4D2F7-7D68-4D40-A153-DE3A15153BA8}.Debug|Mixed Platforms.Build.0 = Debug|x86
		{BFD4D2F7-7D68-4D40-A153-DE3A15153BA8}.Debug|x86.ActiveCfg = Debug|x86
		{BFD4D2F7-7D68-4D40-A153-DE3A15153BA8}.Debug|x86.Build.0 = Debug|x86
		{BFD4D2F7-7D68-4D40-A153-DE3A15153BA8}.Release|Any CPU.ActiveCfg = Release|x86
		{BFD4D2F7-7D68-4D40-A153-DE3A15153BA8}.Release|Mixed Platforms.ActiveCfg = Release|x86
		{BFD4D2F7-7D68-4D40-A153-DE3A15153BA8}.Release|Mixed Platforms.Build.0 = Release|x86
		{BFD4D2F7-7D68-4D40-A153-DE3A15153BA8}.Release|x86.ActiveCfg = Release|x86
		{BFD4D2F7-7D68-4D40-A153-DE3A15153BA8}.Release|x86.Build.0 = Release|x86
		{83AE7616-2186-4705-A9BD-582F10CF976E}.Debug|Any CPU.ActiveCfg = Debug|x86
		{83AE7616-2186-4705-A9BD-582F10CF976E}.Debug|Mixed Platforms.ActiveCfg = Debug|x86
		{83AE7616-2186-4705-A9BD-582F10CF976E}.Debug|Mixed Platforms.Build.0 = Debug|x86
		{83AE7616-2186-4705-A9BD-582F10CF976E}.Debug|x86.ActiveCfg = Debug|x86
		{83AE7616-2186-4705-A9BD-582F10CF976E}.Debug|x86.Build.0 = Debug|x86
		{83AE7616-2186-4705-A9BD-582F10CF976E}.Release|Any CPU.ActiveCfg = Release|x86
		{83AE7616-2186-4705-A9BD-582F10CF976E}.Release|Mixed Platforms.ActiveCfg = Release|x86
		{83AE7616-2186-4705-A9BD-582F10CF976E}.Release|Mixed Platforms.Build.0 = Release|x86
		{83AE7616-2186-4705-A9BD-582F10CF976E}.Release|x86.ActiveCfg = Release|x86
		{83AE7616-2186-4705-A9BD-582F10CF976E}.Release|x86.Build.0 = Release|x86
		{5F0B2F6F-DA9C-4946-8C27-FA007F68E098}.Debug|Any CPU.ActiveCfg = Debug|x86
		{5F0B2F6F-DA9C-4946-8C27-FA007F68E098}.Debug|Mixed Platforms.ActiveCfg = Debug|x86
		{5F0B2F6F-DA9C-4946-8C27-FA007F68E098}.Debug|Mixed Platforms.Build.0 = Debug|x86
		{5F0B2F6F-DA9C-4946-8C27-FA007F68E098}.Debug|x86.ActiveCfg = Debug|x86
		{5F0B2F6F-DA9C-4946-8C27-FA007F68E098}.Debug|x86.Build.0 = Debug|x86
		{5F0B2F6F-DA9C-4946-8C27-FA007F68E098}.Release|Any CPU.ActiveCfg = Release|x86
		{5F0B2F6F-DA9C-4946-8C27-FA007F68E098}.Release|Mixed Platforms.ActiveCfg = Release|x86
		{5F0B2F6F-DA9C-4946-8C27-FA007F68E098}.Release|Mixed Platforms.Build.0 = Release|x86
		{5F0B2F6F-DA9C-4946-8C27-FA007F68E098}.Release|x86.ActiveCfg = Release|x86
		{5F0B2F6F-DA9C-4946-8C27-FA007F68E098}.Release|x86.Build.0 = Release|x86
		{CEEBAE9E-1664-4258-873F-3EFA7CB595DA}.Debug|Any CPU.ActiveCfg = Debug|x86
		{CEEBAE9E-1664-4258-873F-3EFA7CB595DA}.Debug|Mixed Platforms.ActiveCfg = Debug|x86
		{CEEBAE9E-1664-4258-873F-3EFA7CB595DA}.Debug|Mixed Platforms.Build.0 = Debug|x86
		{CEEBAE9E-1664-4258-873F-3EFA7CB595DA}.Debug|x86.ActiveCfg = Debug|x86
		{CEEBAE9E-1664-4258-873F-3EFA7CB595DA}.Debug|x86.Build.0 = Debug|x86
		{CEEBAE9E-1664-4258-873F-3EFA7CB595DA}.Release|Any CPU.ActiveCfg = Release|x86
		{CEEBAE9E-1664-4258-873F-3EFA7CB595DA}.Release|Mixed Platforms.ActiveCfg = Release|x86
		{CEEBAE9E-1664-4258-873F-3EFA7CB595DA}.Release|Mixed Platforms.Build.0 = Release|x86
		{CEEBAE9E-1664-4258-873F-3EFA7CB595DA}.Release|x86.ActiveCfg = Release|x86
		{CEEBAE9E-1664-4258-873F-3EFA7CB595DA}.Release|x86.Build.0 = Release|x86
		{65F4AE1B-2E5D-4933-971A-14B90E8E437A}.Debug|Any CPU.ActiveCfg = Debug|x86
		{65F4AE1B-2E5D-4933-971A-14B90E8E437A}.Debug|Mixed Platforms.ActiveCfg = Debug|x86
		{65F4AE1B-2E5D-4933-971A-14B90E8E437A}.Debug|Mixed Platforms.Build.0 = Debug|x86
		{65F4AE1B-2E5D-4933-971A-14B90E8E437A}.Debug|x86.ActiveCfg = Debug|x86
		{65F4AE1B-2E5D-4933-971A-14B90E8E437A}.Debug|x86.Build.0 = Debug|x86
		{65F4AE1B-2E5D-4933-971A-14B90E8E437A}.Release|Any CPU.ActiveCfg = Release|x86
		{65F4AE1B-2E5D-4933-971A-14B90E8E437A}.Release|Mixed Platforms.ActiveCfg = Release|x86
		{65F4AE1B-2E5D-4933-971A-14B90E8E437A}.Release|Mixed Platforms.Build.0 = Release|x86
		{65F4AE1B-2E5D-4933-971A-14B90E8E437A}.Release|x86.ActiveCfg = Release|x86
		{65F4AE1B-2E5D-4933-971A-14B90E8E437A}.Release|x86.Build.0 = Release|x86
		{FD902BB2-65D7-42AB-9D34-05617FB74B70}.Debug|Any CPU.ActiveCfg = Debug|x86
		{FD902BB2-65D7-42AB-9D34-05617FB74B70}.Debug|Mixed Platforms.ActiveCfg = Debug|x86
		{FD902BB2-65D7-42AB-9D34-05617FB74B70}.Debug|Mixed Platforms.Build.0 = Debug|x86
		{FD902BB2-65D7-42AB-9D34-05617FB74B70}.Debug|x86.ActiveCfg = Debug|x86
		{FD902BB2-65D7-42AB-9D34-05617FB74B70}.Debug|x86.Build.0 = Debug|x86
		{FD902BB2-65D7-42AB-9D34-05617FB74B70}.Release|Any CPU.ActiveCfg = Release|x86
		{FD902BB2-65D7-42AB-9D34-05617FB74B70}.Release|Mixed Platforms.ActiveCfg = Release|x86
		{FD902BB2-65D7-42AB-9D34-05617FB74B70}.Release|Mixed Platforms.Build.0 = Release|x86
		{FD902BB2-65D7-42AB-9D34-05617FB74B70}.Release|x86.ActiveCfg = Release|x86
		{FD902BB2-65D7-42AB-9D34-05617FB74B70}.Release|x86.Build.0 = Release|x86
		{E5986759-67C2-43BE-A566-B672D64246BE}.Debug|Any CPU.ActiveCfg = Debug|x86
		{E5986759-67C2-43BE-A566-B672D64246BE}.Debug|Mixed Platforms.ActiveCfg = Debug|x86
		{E5986759-67C2-43BE-A566-B672D64246BE}.Debug|Mixed Platforms.Build.0 = Debug|x86
		{E5986759-67C2-43BE-A566-B672D64246BE}.Debug|x86.ActiveCfg = Debug|x86
		{E5986759-67C2-43BE-A566-B672D64246BE}.Debug|x86.Build.0 = Debug|x86
		{E5986759-67C2-43BE-A566-B672D64246BE}.Release|Any CPU.ActiveCfg = Release|x86
		{E5986759-67C2-43BE-A566-B672D64246BE}.Release|Mixed Platforms.ActiveCfg = Release|x86
		{E5986759-67C2-43BE-A566-B672D64246BE}.Release|Mixed Platforms.Build.0 = Release|x86
		{E5986759-67C2-43BE-A566-B672D64246BE}.Release|x86.ActiveCfg = Release|x86
		{E5986759-67C2-43BE-A566-B672D64246BE}.Release|x86.Build.0 = Release|x86
		{B1D21152-3F82-47A3-A2BA-3FCE4CA66B89}.Debug|Any CPU.ActiveCfg = Debug|x86
		{B1D21152-3F82-47A3-A2BA-3FCE4CA66B89}.Debug|Mixed Platforms.ActiveCfg = Debug|x86
		{B1D21152-3F82-47A3-A2BA-3FCE4CA66B89}.Debug|Mixed Platforms.Build.0 = Debug|x86
		{B1D21152-3F82-47A3-A2BA-3FCE4CA66B89}.Debug|x86.ActiveCfg = Debug|x86
		{B1D21152-3F82-47A3-A2BA-3FCE4CA66B89}.Debug|x86.Build.0 = Debug|x86
		{B1D21152-3F82-47A3-A2BA-3FCE4CA66B89}.Release|Any CPU.ActiveCfg = Release|x86
		{B1D21152-3F82-47A3-A2BA-3FCE4CA66B89}.Release|Mixed Platforms.ActiveCfg = Release|x86
		{B1D21152-3F82-47A3-A2BA-3FCE4CA66B89}.Release|Mixed Platforms.Build.0 = Release|x86
		{B1D21152-3F82-47A3-A2BA-3FCE4CA66B89}.Release|x86.ActiveCfg = Release|x86
		{B1D21152-3F82-47A3-A2BA-3FCE4CA66B89}.Release|x86.Build.0 = Release|x86
		{99538F9F-F3F4-4FBF-B4C1-102192656BD8}.Debug|Any CPU.ActiveCfg = Debug|x86
		{99538F9F-F3F4-4FBF-B4C1-102192656BD8}.Debug|Mixed Platforms.ActiveCfg = Debug|x86
		{99538F9F-F3F4-4FBF-B4C1-102192656BD8}.Debug|Mixed Platforms.Build.0 = Debug|x86
		{99538F9F-F3F4-4FBF-B4C1-102192656BD8}.Debug|x86.ActiveCfg = Debug|x86
		{99538F9F-F3F4-4FBF-B4C1-102192656BD8}.Debug|x86.Build.0 = Debug|x86
		{99538F9F-F3F4-4FBF-B4C1-102192656BD8}.Release|Any CPU.ActiveCfg = Release|x86
		{99538F9F-F3F4-4FBF-B4C1-102192656BD8}.Release|Mixed Platforms.ActiveCfg = Release|x86
		{99538F9F-F3F4-4FBF-B4C1-102192656BD8}.Release|Mixed Platforms.Build.0 = Release|x86
		{99538F9F-F3F4-4FBF-B4C1-102192656BD8}.Release|x86.ActiveCfg = Release|x86
		{99538F9F-F3F4-4FBF-B4C1-102192656BD8}.Release|x86.Build.0 = Release|x86
		{14786A0A-1438-491A-83C0-EA4E7C356DB3}.Debug|Any CPU.ActiveCfg = Debug|x86
		{14786A0A-1438-491A-83C0-EA4E7C356DB3}.Debug|Mixed Platforms.ActiveCfg = Debug|x86
		{14786A0A-1438-491A-83C0-EA4E7C356DB3}.Debug|Mixed Platforms.Build.0 = Debug|x86
		{14786A0A-1438-491A-83C0-EA4E7C356DB3}.Debug|x86.ActiveCfg = Debug|x86
		{14786A0A-1438-491A-83C0-EA4E7C356DB3}.Debug|x86.Build.0 = Debug|x86
		{14786A0A-1438-491A-83C0-EA4E7C356DB3}.Release|Any CPU.ActiveCfg = Release|x86
		{14786A0A-1438-491A-83C0-EA4E7C356DB3}.Release|Mixed Platforms.ActiveCfg = Release|x86
		{14786A0A-1438-491A-83C0-EA4E7C356DB3}.Release|Mixed Platforms.Build.0 = Release|x86
		{14786A0A-1438-491A-83C0-EA4E7C356DB3}.Release|x86.ActiveCfg = Release|x86
		{14786A0A-1438-491A-83C0-EA4E7C356DB3}.Release|x86.Build.0 = Release|x86
		{CDE0FE4C-4C8C-4F9B-976F-F99A7C65A5AC}.Debug|Any CPU.ActiveCfg = Debug|x86
		{CDE0FE4C-4C8C-4F9B-976F-F99A7C65A5AC}.Debug|Mixed Platforms.ActiveCfg = Debug|x86
		{CDE0FE4C-4C8C-4F9B-976F-F99A7C65A5AC}.Debug|Mixed Platforms.Build.0 = Debug|x86
		{CDE0FE4C-4C8C-4F9B-976F-F99A7C65A5AC}.Debug|x86.ActiveCfg = Debug|x86
		{CDE0FE4C-4C8C-4F9B-976F-F99A7C65A5AC}.Debug|x86.Build.0 = Debug|x86
		{CDE0FE4C-4C8C-4F9B-976F-F99A7C65A5AC}.Release|Any CPU.ActiveCfg = Release|x86
		{CDE0FE4C-4C8C-4F9B-976F-F99A7C65A5AC}.Release|Mixed Platforms.ActiveCfg = Release|x86
		{CDE0FE4C-4C8C-4F9B-976F-F99A7C65A5AC}.Release|Mixed Platforms.Build.0 = Release|x86
		{CDE0FE4C-4C8C-4F9B-976F-F99A7C65A5AC}.Release|x86.ActiveCfg = Release|x86
		{CDE0FE4C-4C8C-4F9B-976F-F99A7C65A5AC}.Release|x86.Build.0 = Release|x86
		{1A56AC43-E545-4BA5-9E84-92B82CB7D504}.Debug|Any CPU.ActiveCfg = Debug|x86
		{1A56AC43-E545-4BA5-9E84-92B82CB7D504}.Debug|Mixed Platforms.ActiveCfg = Debug|x86
		{1A56AC43-E545-4BA5-9E84-92B82CB7D504}.Debug|Mixed Platforms.Build.0 = Debug|x86
		{1A56AC43-E545-4BA5-9E84-92B82CB7D504}.Debug|x86.ActiveCfg = Debug|x86
		{1A56AC43-E545-4BA5-9E84-92B82CB7D504}.Debug|x86.Build.0 = Debug|x86
		{1A56AC43-E545-4BA5-9E84-92B82CB7D504}.Release|Any CPU.ActiveCfg = Release|x86
		{1A56AC43-E545-4BA5-9E84-92B82CB7D504}.Release|Mixed Platforms.ActiveCfg = Release|x86
		{1A56AC43-E545-4BA5-9E84-92B82CB7D504}.Release|Mixed Platforms.Build.0 = Release|x86
		{1A56AC43-E545-4BA5-9E84-92B82CB7D504}.Release|x86.ActiveCfg = Release|x86
		{1A56AC43-E545-4BA5-9E84-92B82CB7D504}.Release|x86.Build.0 = Release|x86
		{56AA1C77-2FDD-4914-898E-2B200B5DF6DE}.Debug|Any CPU.ActiveCfg = Debug|x86
		{56AA1C77-2FDD-4914-898E-2B200B5DF6DE}.Debug|Mixed Platforms.ActiveCfg = Debug|x86
		{56AA1C77-2FDD-4914-898E-2B200B5DF6DE}.Debug|Mixed Platforms.Build.0 = Debug|x86
		{56AA1C77-2FDD-4914-898E-2B200B5DF6DE}.Debug|x86.ActiveCfg = Debug|x86
		{56AA1C77-2FDD-4914-898E-2B200B5DF6DE}.Debug|x86.Build.0 = Debug|x86
		{56AA1C77-2FDD-4914-898E-2B200B5DF6DE}.Release|Any CPU.ActiveCfg = Release|x86
		{56AA1C77-2FDD-4914-898E-2B200B5DF6DE}.Release|Mixed Platforms.ActiveCfg = Release|x86
		{56AA1C77-2FDD-4914-898E-2B200B5DF6DE}.Release|Mixed Platforms.Build.0 = Release|x86
		{56AA1C77-2FDD-4914-898E-2B200B5DF6DE}.Release|x86.ActiveCfg = Release|x86
		{56AA1C77-2FDD-4914-898E-2B200B5DF6DE}.Release|x86.Build.0 = Release|x86
		{CF37BD86-5563-4904-9DDE-E593F4010886}.Debug|Any CPU.ActiveCfg = Debug|x86
		{CF37BD86-5563-4904-9DDE-E593F4010886}.Debug|Mixed Platforms.ActiveCfg = Debug|x86
		{CF37BD86-5563-4904-9DDE-E593F4010886}.Debug|Mixed Platforms.Build.0 = Debug|x86
		{CF37BD86-5563-4904-9DDE-E593F4010886}.Debug|x86.ActiveCfg = Debug|x86
		{CF37BD86-5563-4904-9DDE-E593F4010886}.Debug|x86.Build.0 = Debug|x86
		{CF37BD86-5563-4904-9DDE-E593F4010886}.Release|Any CPU.ActiveCfg = Release|x86
		{CF37BD86-5563-4904-9DDE-E593F4010886}.Release|Mixed Platforms.ActiveCfg = Release|x86
		{CF37BD86-5563-4904-9DDE-E593F4010886}.Release|Mixed Platforms.Build.0 = Release|x86
		{CF37BD86-5563-4904-9DDE-E593F4010886}.Release|x86.ActiveCfg = Release|x86
		{CF37BD86-5563-4904-9DDE-E593F4010886}.Release|x86.Build.0 = Release|x86
	EndGlobalSection
	GlobalSection(SolutionProperties) = preSolution
		HideSolutionNode = FALSE
	EndGlobalSection
	GlobalSection(NestedProjects) = preSolution
		{0D1D420E-CA63-4650-B8C6-367B5C157430} = {DE9F5882-A026-4E6B-8BE4-8468953FB4EA}
		{546777BD-73B7-4EA2-B598-DC248A84FBB9} = {DE9F5882-A026-4E6B-8BE4-8468953FB4EA}
		{2B3E6CE3-47BE-43F1-8B49-8A3A71AA12DF} = {DE9F5882-A026-4E6B-8BE4-8468953FB4EA}
		{B8092D88-7774-44F5-BB6E-E1B4F2197ADE} = {DE9F5882-A026-4E6B-8BE4-8468953FB4EA}
		{FCC7075C-DD36-443A-B087-D4610C0D60D7} = {DE9F5882-A026-4E6B-8BE4-8468953FB4EA}
		{BFD4D2F7-7D68-4D40-A153-DE3A15153BA8} = {DE9F5882-A026-4E6B-8BE4-8468953FB4EA}
		{83AE7616-2186-4705-A9BD-582F10CF976E} = {DE9F5882-A026-4E6B-8BE4-8468953FB4EA}
		{CEEBAE9E-1664-4258-873F-3EFA7CB595DA} = {DE9F5882-A026-4E6B-8BE4-8468953FB4EA}
		{B1D21152-3F82-47A3-A2BA-3FCE4CA66B89} = {DE9F5882-A026-4E6B-8BE4-8468953FB4EA}
		{1A56AC43-E545-4BA5-9E84-92B82CB7D504} = {DE9F5882-A026-4E6B-8BE4-8468953FB4EA}
		{CF37BD86-5563-4904-9DDE-E593F4010886} = {DE9F5882-A026-4E6B-8BE4-8468953FB4EA}
		{FD902BB2-65D7-42AB-9D34-05617FB74B70} = {CA0620BF-EA94-467B-AF70-2F4EF2096BB9}
		{87908F9A-46F1-4AC6-A38D-C9CE501E4903} = {53F54CA5-3E1D-4F28-A6A2-74A63EF3B487}
		{2ACF8ABE-6A4A-410E-99ED-A54822633456} = {53F54CA5-3E1D-4F28-A6A2-74A63EF3B487}
		{F53A0BAF-F3EE-4829-BF95-C7C3E8400A13} = {53F54CA5-3E1D-4F28-A6A2-74A63EF3B487}
		{5979F10C-756A-4C68-8AA4-D7A57C89E029} = {53F54CA5-3E1D-4F28-A6A2-74A63EF3B487}
		{E55F47AC-0621-4B19-A681-46AF26B739E1} = {53F54CA5-3E1D-4F28-A6A2-74A63EF3B487}
		{88A115F2-7BBA-4622-941A-78F3E27B0BCA} = {53F54CA5-3E1D-4F28-A6A2-74A63EF3B487}
		{A7F89E0C-BD9A-43F4-81A1-DFCBC8CEA596} = {53F54CA5-3E1D-4F28-A6A2-74A63EF3B487}
		{4752B509-0423-4D0B-982C-858FAC2E1692} = {53F54CA5-3E1D-4F28-A6A2-74A63EF3B487}
		{C4C47CF5-DF87-4D67-80A9-61B4D7106F59} = {53F54CA5-3E1D-4F28-A6A2-74A63EF3B487}
		{BE46D5F4-3C43-4109-B101-297631682B79} = {53F54CA5-3E1D-4F28-A6A2-74A63EF3B487}
		{5F0B2F6F-DA9C-4946-8C27-FA007F68E098} = {53F54CA5-3E1D-4F28-A6A2-74A63EF3B487}
		{65F4AE1B-2E5D-4933-971A-14B90E8E437A} = {53F54CA5-3E1D-4F28-A6A2-74A63EF3B487}
		{E5986759-67C2-43BE-A566-B672D64246BE} = {53F54CA5-3E1D-4F28-A6A2-74A63EF3B487}
		{99538F9F-F3F4-4FBF-B4C1-102192656BD8} = {53F54CA5-3E1D-4F28-A6A2-74A63EF3B487}
		{14786A0A-1438-491A-83C0-EA4E7C356DB3} = {53F54CA5-3E1D-4F28-A6A2-74A63EF3B487}
		{56AA1C77-2FDD-4914-898E-2B200B5DF6DE} = {8E1CF384-472D-4AF3-8C1E-258EC73ACA1A}
	EndGlobalSection
EndGlobal
